// !$*UTF8*$!
{
	archiveVersion = 1;
	classes = {
	};
	objectVersion = 56;
	objects = {

/* Begin PBXBuildFile section */
		279723162CAD373900B33275 /* main.swift in Sources */ = {isa = PBXBuildFile; fileRef = 279723152CAD373900B33275 /* main.swift */; };
		2797231D2CAD377300B33275 /* Vehicle.swift in Sources */ = {isa = PBXBuildFile; fileRef = 2797231C2CAD377300B33275 /* Vehicle.swift */; };
		279723212CAD3BF400B33275 /* Truck.swift in Sources */ = {isa = PBXBuildFile; fileRef = 279723202CAD3BF400B33275 /* Truck.swift */; };
		279723232CAD45EF00B33275 /* Cargo.swift in Sources */ = {isa = PBXBuildFile; fileRef = 279723222CAD45EF00B33275 /* Cargo.swift */; };
		279723252CAD466900B33275 /* CargoType.swift in Sources */ = {isa = PBXBuildFile; fileRef = 279723242CAD466900B33275 /* CargoType.swift */; };
		279723272CAD47C200B33275 /* Fleet.swift in Sources */ = {isa = PBXBuildFile; fileRef = 279723262CAD47C200B33275 /* Fleet.swift */; };
/* End PBXBuildFile section */

/* Begin PBXCopyFilesBuildPhase section */
		279723102CAD373900B33275 /* CopyFiles */ = {
			isa = PBXCopyFilesBuildPhase;
			buildActionMask = 2147483647;
			dstPath = /usr/share/man/man1/;
			dstSubfolderSpec = 0;
			files = (
			);
			runOnlyForDeploymentPostprocessing = 1;
		};
/* End PBXCopyFilesBuildPhase section */

/* Begin PBXFileReference section */
		279723122CAD373900B33275 /* eltexSecondTask */ = {isa = PBXFileReference; explicitFileType = "compiled.mach-o.executable"; includeInIndex = 0; path = eltexSecondTask; sourceTree = BUILT_PRODUCTS_DIR; };
		279723152CAD373900B33275 /* main.swift */ = {isa = PBXFileReference; lastKnownFileType = sourcecode.swift; path = main.swift; sourceTree = "<group>"; };
		2797231C2CAD377300B33275 /* Vehicle.swift */ = {isa = PBXFileReference; lastKnownFileType = sourcecode.swift; path = Vehicle.swift; sourceTree = "<group>"; };
		279723202CAD3BF400B33275 /* Truck.swift */ = {isa = PBXFileReference; lastKnownFileType = sourcecode.swift; path = Truck.swift; sourceTree = "<group>"; };
		279723222CAD45EF00B33275 /* Cargo.swift */ = {isa = PBXFileReference; lastKnownFileType = sourcecode.swift; path = Cargo.swift; sourceTree = "<group>"; };
		279723242CAD466900B33275 /* CargoType.swift */ = {isa = PBXFileReference; lastKnownFileType = sourcecode.swift; path = CargoType.swift; sourceTree = "<group>"; };
		279723262CAD47C200B33275 /* Fleet.swift */ = {isa = PBXFileReference; lastKnownFileType = sourcecode.swift; path = Fleet.swift; sourceTree = "<group>"; };
/* End PBXFileReference section */

/* Begin PBXFrameworksBuildPhase section */
		2797230F2CAD373900B33275 /* Frameworks */ = {
			isa = PBXFrameworksBuildPhase;
			buildActionMask = 2147483647;
			files = (
			);
			runOnlyForDeploymentPostprocessing = 0;
		};
/* End PBXFrameworksBuildPhase section */

/* Begin PBXGroup section */
		2743080A2CB0120D00FE94D8 /* Structs */ = {
			isa = PBXGroup;
			children = (
				279723222CAD45EF00B33275 /* Cargo.swift */,
			);
			path = Structs;
			sourceTree = "<group>";
		};
		2743080B2CB0122500FE94D8 /* Enums */ = {
			isa = PBXGroup;
			children = (
				279723242CAD466900B33275 /* CargoType.swift */,
			);
			path = Enums;
			sourceTree = "<group>";
		};
		279723092CAD373900B33275 = {
			isa = PBXGroup;
			children = (
				279723142CAD373900B33275 /* eltexSecondTask */,
				279723132CAD373900B33275 /* Products */,
			);
			sourceTree = "<group>";
		};
		279723132CAD373900B33275 /* Products */ = {
			isa = PBXGroup;
			children = (
				279723122CAD373900B33275 /* eltexSecondTask */,
			);
			name = Products;
			sourceTree = "<group>";
		};
		279723142CAD373900B33275 /* eltexSecondTask */ = {
			isa = PBXGroup;
			children = (
				2743080B2CB0122500FE94D8 /* Enums */,
				2743080A2CB0120D00FE94D8 /* Structs */,
				2797231F2CAD378600B33275 /* MakeFiles */,
				2797231E2CAD377700B33275 /* Classes */,
			);
			path = eltexSecondTask;
			sourceTree = "<group>";
		};
		2797231E2CAD377700B33275 /* Classes */ = {
			isa = PBXGroup;
			children = (
				2797231C2CAD377300B33275 /* Vehicle.swift */,
				279723202CAD3BF400B33275 /* Truck.swift */,
				279723262CAD47C200B33275 /* Fleet.swift */,
			);
			path = Classes;
			sourceTree = "<group>";
		};
		2797231F2CAD378600B33275 /* MakeFiles */ = {
			isa = PBXGroup;
			children = (
				279723152CAD373900B33275 /* main.swift */,
			);
			path = MakeFiles;
			sourceTree = "<group>";
		};
/* End PBXGroup section */

/* Begin PBXNativeTarget section */
		279723112CAD373900B33275 /* eltexSecondTask */ = {
			isa = PBXNativeTarget;
			buildConfigurationList = 279723192CAD373900B33275 /* Build configuration list for PBXNativeTarget "eltexSecondTask" */;
			buildPhases = (
				2797230E2CAD373900B33275 /* Sources */,
				2797230F2CAD373900B33275 /* Frameworks */,
				279723102CAD373900B33275 /* CopyFiles */,
			);
			buildRules = (
			);
			dependencies = (
			);
			name = eltexSecondTask;
			productName = eltexSecondTask;
			productReference = 279723122CAD373900B33275 /* eltexSecondTask */;
			productType = "com.apple.product-type.tool";
		};
/* End PBXNativeTarget section */

/* Begin PBXProject section */
		2797230A2CAD373900B33275 /* Project object */ = {
			isa = PBXProject;
			attributes = {
				BuildIndependentTargetsInParallel = 1;
				LastSwiftUpdateCheck = 1530;
				LastUpgradeCheck = 1530;
				TargetAttributes = {
					279723112CAD373900B33275 = {
						CreatedOnToolsVersion = 15.3;
					};
				};
			};
			buildConfigurationList = 2797230D2CAD373900B33275 /* Build configuration list for PBXProject "eltexSecondTask" */;
			compatibilityVersion = "Xcode 14.0";
			developmentRegion = en;
			hasScannedForEncodings = 0;
			knownRegions = (
				en,
				Base,
			);
			mainGroup = 279723092CAD373900B33275;
			productRefGroup = 279723132CAD373900B33275 /* Products */;
			projectDirPath = "";
			projectRoot = "";
			targets = (
				279723112CAD373900B33275 /* eltexSecondTask */,
			);
		};
/* End PBXProject section */

/* Begin PBXSourcesBuildPhase section */
		2797230E2CAD373900B33275 /* Sources */ = {
			isa = PBXSourcesBuildPhase;
			buildActionMask = 2147483647;
			files = (
				279723252CAD466900B33275 /* CargoType.swift in Sources */,
				2797231D2CAD377300B33275 /* Vehicle.swift in Sources */,
				279723162CAD373900B33275 /* main.swift in Sources */,
				279723232CAD45EF00B33275 /* Cargo.swift in Sources */,
				279723272CAD47C200B33275 /* Fleet.swift in Sources */,
				279723212CAD3BF400B33275 /* Truck.swift in Sources */,
			);
			runOnlyForDeploymentPostprocessing = 0;
		};
/* End PBXSourcesBuildPhase section */

/* Begin XCBuildConfiguration section */
		279723172CAD373900B33275 /* Debug */ = {
			isa = XCBuildConfiguration;
			buildSettings = {
				ALWAYS_SEARCH_USER_PATHS = NO;
				ASSETCATALOG_COMPILER_GENERATE_SWIFT_ASSET_SYMBOL_EXTENSIONS = YES;
				CLANG_ANALYZER_NONNULL = YES;
				CLANG_ANALYZER_NUMBER_OBJECT_CONVERSION = YES_AGGRESSIVE;
				CLANG_CXX_LANGUAGE_STANDARD = "gnu++20";
				CLANG_ENABLE_MODULES = YES;
				CLANG_ENABLE_OBJC_ARC = YES;
				CLANG_ENABLE_OBJC_WEAK = YES;
				CLANG_WARN_BLOCK_CAPTURE_AUTORELEASING = YES;
				CLANG_WARN_BOOL_CONVERSION = YES;
				CLANG_WARN_COMMA = YES;
				CLANG_WARN_CONSTANT_CONVERSION = YES;
				CLANG_WARN_DEPRECATED_OBJC_IMPLEMENTATIONS = YES;
				CLANG_WARN_DIRECT_OBJC_ISA_USAGE = YES_ERROR;
				CLANG_WARN_DOCUMENTATION_COMMENTS = YES;
				CLANG_WARN_EMPTY_BODY = YES;
				CLANG_WARN_ENUM_CONVERSION = YES;
				CLANG_WARN_INFINITE_RECURSION = YES;
				CLANG_WARN_INT_CONVERSION = YES;
				CLANG_WARN_NON_LITERAL_NULL_CONVERSION = YES;
				CLANG_WARN_OBJC_IMPLICIT_RETAIN_SELF = YES;
				CLANG_WARN_OBJC_LITERAL_CONVERSION = YES;
				CLANG_WARN_OBJC_ROOT_CLASS = YES_ERROR;
				CLANG_WARN_QUOTED_INCLUDE_IN_FRAMEWORK_HEADER = YES;
				CLANG_WARN_RANGE_LOOP_ANALYSIS = YES;
				CLANG_WARN_STRICT_PROTOTYPES = YES;
				CLANG_WARN_SUSPICIOUS_MOVE = YES;
				CLANG_WARN_UNGUARDED_AVAILABILITY = YES_AGGRESSIVE;
				CLANG_WARN_UNREACHABLE_CODE = YES;
				CLANG_WARN__DUPLICATE_METHOD_MATCH = YES;
				COPY_PHASE_STRIP = NO;
				DEBUG_INFORMATION_FORMAT = dwarf;
				ENABLE_STRICT_OBJC_MSGSEND = YES;
				ENABLE_TESTABILITY = YES;
				ENABLE_USER_SCRIPT_SANDBOXING = YES;
				GCC_C_LANGUAGE_STANDARD = gnu17;
				GCC_DYNAMIC_NO_PIC = NO;
				GCC_NO_COMMON_BLOCKS = YES;
				GCC_OPTIMIZATION_LEVEL = 0;
				GCC_PREPROCESSOR_DEFINITIONS = (
					"DEBUG=1",
					"$(inherited)",
				);
				GCC_WARN_64_TO_32_BIT_CONVERSION = YES;
				GCC_WARN_ABOUT_RETURN_TYPE = YES_ERROR;
				GCC_WARN_UNDECLARED_SELECTOR = YES;
				GCC_WARN_UNINITIALIZED_AUTOS = YES_AGGRESSIVE;
				GCC_WARN_UNUSED_FUNCTION = YES;
				GCC_WARN_UNUSED_VARIABLE = YES;
				LOCALIZATION_PREFERS_STRING_CATALOGS = YES;
				MACOSX_DEPLOYMENT_TARGET = 14.4;
				MTL_ENABLE_DEBUG_INFO = INCLUDE_SOURCE;
				MTL_FAST_MATH = YES;
				ONLY_ACTIVE_ARCH = YES;
				SDKROOT = macosx;
				SWIFT_ACTIVE_COMPILATION_CONDITIONS = "DEBUG $(inherited)";
				SWIFT_OPTIMIZATION_LEVEL = "-Onone";
			};
			name = Debug;
		};
		279723182CAD373900B33275 /* Release */ = {
			isa = XCBuildConfiguration;
			buildSettings = {
				ALWAYS_SEARCH_USER_PATHS = NO;
				ASSETCATALOG_COMPILER_GENERATE_SWIFT_ASSET_SYMBOL_EXTENSIONS = YES;
				CLANG_ANALYZER_NONNULL = YES;
				CLANG_ANALYZER_NUMBER_OBJECT_CONVERSION = YES_AGGRESSIVE;
				CLANG_CXX_LANGUAGE_STANDARD = "gnu++20";
				CLANG_ENABLE_MODULES = YES;
				CLANG_ENABLE_OBJC_ARC = YES;
				CLANG_ENABLE_OBJC_WEAK = YES;
				CLANG_WARN_BLOCK_CAPTURE_AUTORELEASING = YES;
				CLANG_WARN_BOOL_CONVERSION = YES;
				CLANG_WARN_COMMA = YES;
				CLANG_WARN_CONSTANT_CONVERSION = YES;
				CLANG_WARN_DEPRECATED_OBJC_IMPLEMENTATIONS = YES;
				CLANG_WARN_DIRECT_OBJC_ISA_USAGE = YES_ERROR;
				CLANG_WARN_DOCUMENTATION_COMMENTS = YES;
				CLANG_WARN_EMPTY_BODY = YES;
				CLANG_WARN_ENUM_CONVERSION = YES;
				CLANG_WARN_INFINITE_RECURSION = YES;
				CLANG_WARN_INT_CONVERSION = YES;
				CLANG_WARN_NON_LITERAL_NULL_CONVERSION = YES;
				CLANG_WARN_OBJC_IMPLICIT_RETAIN_SELF = YES;
				CLANG_WARN_OBJC_LITERAL_CONVERSION = YES;
				CLANG_WARN_OBJC_ROOT_CLASS = YES_ERROR;
				CLANG_WARN_QUOTED_INCLUDE_IN_FRAMEWORK_HEADER = YES;
				CLANG_WARN_RANGE_LOOP_ANALYSIS = YES;
				CLANG_WARN_STRICT_PROTOTYPES = YES;
				CLANG_WARN_SUSPICIOUS_MOVE = YES;
				CLANG_WARN_UNGUARDED_AVAILABILITY = YES_AGGRESSIVE;
				CLANG_WARN_UNREACHABLE_CODE = YES;
				CLANG_WARN__DUPLICATE_METHOD_MATCH = YES;
				COPY_PHASE_STRIP = NO;
				DEBUG_INFORMATION_FORMAT = "dwarf-with-dsym";
				ENABLE_NS_ASSERTIONS = NO;
				ENABLE_STRICT_OBJC_MSGSEND = YES;
				ENABLE_USER_SCRIPT_SANDBOXING = YES;
				GCC_C_LANGUAGE_STANDARD = gnu17;
				GCC_NO_COMMON_BLOCKS = YES;
				GCC_WARN_64_TO_32_BIT_CONVERSION = YES;
				GCC_WARN_ABOUT_RETURN_TYPE = YES_ERROR;
				GCC_WARN_UNDECLARED_SELECTOR = YES;
				GCC_WARN_UNINITIALIZED_AUTOS = YES_AGGRESSIVE;
				GCC_WARN_UNUSED_FUNCTION = YES;
				GCC_WARN_UNUSED_VARIABLE = YES;
				LOCALIZATION_PREFERS_STRING_CATALOGS = YES;
				MACOSX_DEPLOYMENT_TARGET = 14.4;
				MTL_ENABLE_DEBUG_INFO = NO;
				MTL_FAST_MATH = YES;
				SDKROOT = macosx;
				SWIFT_COMPILATION_MODE = wholemodule;
			};
			name = Release;
		};
		2797231A2CAD373900B33275 /* Debug */ = {
			isa = XCBuildConfiguration;
			buildSettings = {
				CODE_SIGN_STYLE = Automatic;
				DEVELOPMENT_TEAM = 587Y6CB23X;
				ENABLE_HARDENED_RUNTIME = YES;
				PRODUCT_NAME = "$(TARGET_NAME)";
				SWIFT_VERSION = 5.0;
			};
			name = Debug;
		};
		2797231B2CAD373900B33275 /* Release */ = {
			isa = XCBuildConfiguration;
			buildSettings = {
				CODE_SIGN_STYLE = Automatic;
				DEVELOPMENT_TEAM = 587Y6CB23X;
				ENABLE_HARDENED_RUNTIME = YES;
				PRODUCT_NAME = "$(TARGET_NAME)";
				SWIFT_VERSION = 5.0;
			};
			name = Release;
		};
/* End XCBuildConfiguration section */

/* Begin XCConfigurationList section */
		2797230D2CAD373900B33275 /* Build configuration list for PBXProject "eltexSecondTask" */ = {
			isa = XCConfigurationList;
			buildConfigurations = (
				279723172CAD373900B33275 /* Debug */,
				279723182CAD373900B33275 /* Release */,
			);
			defaultConfigurationIsVisible = 0;
			defaultConfigurationName = Release;
		};
		279723192CAD373900B33275 /* Build configuration list for PBXNativeTarget "eltexSecondTask" */ = {
			isa = XCConfigurationList;
			buildConfigurations = (
				2797231A2CAD373900B33275 /* Debug */,
				2797231B2CAD373900B33275 /* Release */,
			);
			defaultConfigurationIsVisible = 0;
			defaultConfigurationName = Release;
		};
/* End XCConfigurationList section */
	};
	rootObject = 2797230A2CAD373900B33275 /* Project object */;
}
